
Microsoft Visual Studio Solution File, Format Version 12.00
# Visual Studio Version 17
VisualStudioVersion = 17.0.31903.59
MinimumVisualStudioVersion = 10.0.40219.1
Project("{FAE04EC0-301F-11D3-BF4B-00C04F79EFBC}") = "ServiceDefaults", "ServiceDefaults\ServiceDefaults.csproj", "{AF8A4ED9-06C4-452D-AEAA-618EF254AD24}"
EndProject
Project("{FAE04EC0-301F-11D3-BF4B-00C04F79EFBC}") = "AppHost", "AppHost\AppHost.csproj", "{FF4B7FB8-9AF9-4130-8969-A955CC9DB642}"
EndProject
Project("{FAE04EC0-301F-11D3-BF4B-00C04F79EFBC}") = "WebApplication1", "WebApplication1\WebApplication1.csproj", "{98FE5FA9-5F02-46D8-A269-5C373DC72AA0}"
EndProject
Project("{FAE04EC0-301F-11D3-BF4B-00C04F79EFBC}") = "WebApplication2", "WebApplication2\WebApplication2.csproj", "{07CE898D-0F4C-4DCB-9650-4E7F3CC0C615}"
EndProject
Global
	GlobalSection(SolutionConfigurationPlatforms) = preSolution
		Debug|Any CPU = Debug|Any CPU
		Release|Any CPU = Release|Any CPU
	EndGlobalSection
	GlobalSection(SolutionProperties) = preSolution
		HideSolutionNode = FALSE
	EndGlobalSection
	GlobalSection(ProjectConfigurationPlatforms) = postSolution
		{AF8A4ED9-06C4-452D-AEAA-618EF254AD24}.Debug|Any CPU.ActiveCfg = Debug|Any CPU
		{AF8A4ED9-06C4-452D-AEAA-618EF254AD24}.Debug|Any CPU.Build.0 = Debug|Any CPU
		{AF8A4ED9-06C4-452D-AEAA-618EF254AD24}.Release|Any CPU.ActiveCfg = Release|Any CPU
		{AF8A4ED9-06C4-452D-AEAA-618EF254AD24}.Release|Any CPU.Build.0 = Release|Any CPU
		{FF4B7FB8-9AF9-4130-8969-A955CC9DB642}.Debug|Any CPU.ActiveCfg = Debug|Any CPU
		{FF4B7FB8-9AF9-4130-8969-A955CC9DB642}.Debug|Any CPU.Build.0 = Debug|Any CPU
		{FF4B7FB8-9AF9-4130-8969-A955CC9DB642}.Release|Any CPU.ActiveCfg = Release|Any CPU
		{FF4B7FB8-9AF9-4130-8969-A955CC9DB642}.Release|Any CPU.Build.0 = Release|Any CPU
		{98FE5FA9-5F02-46D8-A269-5C373DC72AA0}.Debug|Any CPU.ActiveCfg = Debug|Any CPU
		{98FE5FA9-5F02-46D8-A269-5C373DC72AA0}.Debug|Any CPU.Build.0 = Debug|Any CPU
		{98FE5FA9-5F02-46D8-A269-5C373DC72AA0}.Release|Any CPU.ActiveCfg = Release|Any CPU
		{98FE5FA9-5F02-46D8-A269-5C373DC72AA0}.Release|Any CPU.Build.0 = Release|Any CPU
		{07CE898D-0F4C-4DCB-9650-4E7F3CC0C615}.Debug|Any CPU.ActiveCfg = Debug|Any CPU
		{07CE898D-0F4C-4DCB-9650-4E7F3CC0C615}.Debug|Any CPU.Build.0 = Debug|Any CPU
		{07CE898D-0F4C-4DCB-9650-4E7F3CC0C615}.Release|Any CPU.ActiveCfg = Release|Any CPU
		{07CE898D-0F4C-4DCB-9650-4E7F3CC0C615}.Release|Any CPU.Build.0 = Release|Any CPU
	EndGlobalSection
EndGlobal
